// !$*UTF8*$!
{
	archiveVersion = 1;
	classes = {
	};
	objectVersion = 46;
	objects = {

/* Begin PBXBuildFile section */
		516D896517528A9A00B5C60E /* StrategyTest.cpp in Sources */ = {isa = PBXBuildFile; fileRef = 516D896317528A9A00B5C60E /* StrategyTest.cpp */; };
		519D482D175282A3004B3F7E /* main.cpp in Sources */ = {isa = PBXBuildFile; fileRef = 519D482C175282A3004B3F7E /* main.cpp */; };
		519D482F175282A3004B3F7E /* tests.1 in CopyFiles */ = {isa = PBXBuildFile; fileRef = 519D482E175282A3004B3F7E /* tests.1 */; };
/* End PBXBuildFile section */

/* Begin PBXCopyFilesBuildPhase section */
		519D4827175282A3004B3F7E /* CopyFiles */ = {
			isa = PBXCopyFilesBuildPhase;
			buildActionMask = 2147483647;
			dstPath = /usr/share/man/man1/;
			dstSubfolderSpec = 0;
			files = (
				519D482F175282A3004B3F7E /* tests.1 in CopyFiles */,
			);
			runOnlyForDeploymentPostprocessing = 1;
		};
/* End PBXCopyFilesBuildPhase section */

/* Begin PBXFileReference section */
		516D896317528A9A00B5C60E /* StrategyTest.cpp */ = {isa = PBXFileReference; fileEncoding = 4; lastKnownFileType = sourcecode.cpp.cpp; path = StrategyTest.cpp; sourceTree = "<group>"; };
		516D896417528A9A00B5C60E /* StrategyTest.h */ = {isa = PBXFileReference; fileEncoding = 4; lastKnownFileType = sourcecode.c.h; path = StrategyTest.h; sourceTree = "<group>"; };
		519D4829175282A3004B3F7E /* tests */ = {isa = PBXFileReference; explicitFileType = "compiled.mach-o.executable"; includeInIndex = 0; path = tests; sourceTree = BUILT_PRODUCTS_DIR; };
		519D482C175282A3004B3F7E /* main.cpp */ = {isa = PBXFileReference; lastKnownFileType = sourcecode.cpp.cpp; path = main.cpp; sourceTree = "<group>"; };
		519D482E175282A3004B3F7E /* tests.1 */ = {isa = PBXFileReference; lastKnownFileType = text.man; path = tests.1; sourceTree = "<group>"; };
/* End PBXFileReference section */

/* Begin PBXFrameworksBuildPhase section */
		519D4826175282A3004B3F7E /* Frameworks */ = {
			isa = PBXFrameworksBuildPhase;
			buildActionMask = 2147483647;
			files = (
			);
			runOnlyForDeploymentPostprocessing = 0;
		};
/* End PBXFrameworksBuildPhase section */

/* Begin PBXGroup section */
		519D4820175282A3004B3F7E = {
			isa = PBXGroup;
			children = (
				519D482B175282A3004B3F7E /* tests */,
				519D482A175282A3004B3F7E /* Products */,
			);
			sourceTree = "<group>";
		};
		519D482A175282A3004B3F7E /* Products */ = {
			isa = PBXGroup;
			children = (
				519D4829175282A3004B3F7E /* tests */,
			);
			name = Products;
			sourceTree = "<group>";
		};
		519D482B175282A3004B3F7E /* tests */ = {
			isa = PBXGroup;
			children = (
				516D896317528A9A00B5C60E /* StrategyTest.cpp */,
				516D896417528A9A00B5C60E /* StrategyTest.h */,
				519D482C175282A3004B3F7E /* main.cpp */,
				519D482E175282A3004B3F7E /* tests.1 */,
			);
			path = tests;
			sourceTree = "<group>";
		};
/* End PBXGroup section */

/* Begin PBXNativeTarget section */
		519D4828175282A3004B3F7E /* tests */ = {
			isa = PBXNativeTarget;
			buildConfigurationList = 519D4832175282A3004B3F7E /* Build configuration list for PBXNativeTarget "tests" */;
			buildPhases = (
				519D4825175282A3004B3F7E /* Sources */,
				519D4826175282A3004B3F7E /* Frameworks */,
				519D4827175282A3004B3F7E /* CopyFiles */,
			);
			buildRules = (
			);
			dependencies = (
			);
			name = tests;
			productName = tests;
			productReference = 519D4829175282A3004B3F7E /* tests */;
			productType = "com.apple.product-type.tool";
		};
/* End PBXNativeTarget section */

/* Begin PBXProject section */
		519D4821175282A3004B3F7E /* Project object */ = {
			isa = PBXProject;
			attributes = {
				LastUpgradeCheck = 0460;
				ORGANIZATIONNAME = "Michael Kelley Harris";
			};
			buildConfigurationList = 519D4824175282A3004B3F7E /* Build configuration list for PBXProject "tests" */;
			compatibilityVersion = "Xcode 3.2";
			developmentRegion = English;
			hasScannedForEncodings = 0;
			knownRegions = (
				en,
			);
			mainGroup = 519D4820175282A3004B3F7E;
			productRefGroup = 519D482A175282A3004B3F7E /* Products */;
			projectDirPath = "";
			projectRoot = "";
			targets = (
				519D4828175282A3004B3F7E /* tests */,
			);
		};
/* End PBXProject section */

/* Begin PBXSourcesBuildPhase section */
		519D4825175282A3004B3F7E /* Sources */ = {
			isa = PBXSourcesBuildPhase;
			buildActionMask = 2147483647;
			files = (
				519D482D175282A3004B3F7E /* main.cpp in Sources */,
				516D896517528A9A00B5C60E /* StrategyTest.cpp in Sources */,
			);
			runOnlyForDeploymentPostprocessing = 0;
		};
/* End PBXSourcesBuildPhase section */

/* Begin XCBuildConfiguration section */
		519D4830175282A3004B3F7E /* Debug */ = {
			isa = XCBuildConfiguration;
			buildSettings = {
				ALWAYS_SEARCH_USER_PATHS = NO;
				ARCHS = "$(ARCHS_STANDARD_64_BIT)";
				CLANG_CXX_LANGUAGE_STANDARD = "gnu++0x";
				CLANG_CXX_LIBRARY = "libc++";
				CLANG_WARN_CONSTANT_CONVERSION = YES;
				CLANG_WARN_EMPTY_BODY = YES;
				CLANG_WARN_ENUM_CONVERSION = YES;
				CLANG_WARN_INT_CONVERSION = YES;
				CLANG_WARN__DUPLICATE_METHOD_MATCH = YES;
				COPY_PHASE_STRIP = NO;
				GCC_C_LANGUAGE_STANDARD = gnu99;
				GCC_DYNAMIC_NO_PIC = NO;
				GCC_ENABLE_OBJC_EXCEPTIONS = YES;
				GCC_OPTIMIZATION_LEVEL = 0;
				GCC_PREPROCESSOR_DEFINITIONS = (
					"DEBUG=1",
					"$(inherited)",
				);
				GCC_SYMBOLS_PRIVATE_EXTERN = NO;
				GCC_WARN_64_TO_32_BIT_CONVERSION = YES;
				GCC_WARN_ABOUT_RETURN_TYPE = YES;
				GCC_WARN_UNINITIALIZED_AUTOS = YES;
				GCC_WARN_UNUSED_VARIABLE = YES;
				MACOSX_DEPLOYMENT_TARGET = 10.8;
				ONLY_ACTIVE_ARCH = YES;
				SDKROOT = macosx;
			};
			name = Debug;
		};
		519D4831175282A3004B3F7E /* Release */ = {
			isa = XCBuildConfiguration;
			buildSettings = {
				ALWAYS_SEARCH_USER_PATHS = NO;
				ARCHS = "$(ARCHS_STANDARD_64_BIT)";
				CLANG_CXX_LANGUAGE_STANDARD = "gnu++0x";
				CLANG_CXX_LIBRARY = "libc++";
				CLANG_WARN_CONSTANT_CONVERSION = YES;
				CLANG_WARN_EMPTY_BODY = YES;
				CLANG_WARN_ENUM_CONVERSION = YES;
				CLANG_WARN_INT_CONVERSION = YES;
				CLANG_WARN__DUPLICATE_METHOD_MATCH = YES;
				COPY_PHASE_STRIP = YES;
				DEBUG_INFORMATION_FORMAT = "dwarf-with-dsym";
				GCC_C_LANGUAGE_STANDARD = gnu99;
				GCC_ENABLE_OBJC_EXCEPTIONS = YES;
				GCC_WARN_64_TO_32_BIT_CONVERSION = YES;
				GCC_WARN_ABOUT_RETURN_TYPE = YES;
				GCC_WARN_UNINITIALIZED_AUTOS = YES;
				GCC_WARN_UNUSED_VARIABLE = YES;
				MACOSX_DEPLOYMENT_TARGET = 10.8;
				SDKROOT = macosx;
			};
			name = Release;
		};
		519D4833175282A3004B3F7E /* Debug */ = {
			isa = XCBuildConfiguration;
			buildSettings = {
				"HEADER_SEARCH_PATHS[arch=*]" = /usr/local/boost/boost_1_53_0;
				PRODUCT_NAME = "$(TARGET_NAME)";
			};
			name = Debug;
		};
		519D4834175282A3004B3F7E /* Release */ = {
			isa = XCBuildConfiguration;
			buildSettings = {
				"HEADER_SEARCH_PATHS[arch=*]" = /usr/local/boost/boost_1_53_0;
				PRODUCT_NAME = "$(TARGET_NAME)";
			};
			name = Release;
		};
/* End XCBuildConfiguration section */

/* Begin XCConfigurationList section */
		519D4824175282A3004B3F7E /* Build configuration list for PBXProject "tests" */ = {
			isa = XCConfigurationList;
			buildConfigurations = (
				519D4830175282A3004B3F7E /* Debug */,
				519D4831175282A3004B3F7E /* Release */,
			);
			defaultConfigurationIsVisible = 0;
			defaultConfigurationName = Release;
		};
		519D4832175282A3004B3F7E /* Build configuration list for PBXNativeTarget "tests" */ = {
			isa = XCConfigurationList;
			buildConfigurations = (
				519D4833175282A3004B3F7E /* Debug */,
				519D4834175282A3004B3F7E /* Release */,
			);
			defaultConfigurationIsVisible = 0;
			defaultConfigurationName = Release;
		};
/* End XCConfigurationList section */
	};
	rootObject = 519D4821175282A3004B3F7E /* Project object */;
}
